<?xml version="1.0" encoding="utf-8"?>
<Project ToolsVersion="4.0" xmlns="http://schemas.microsoft.com/developer/msbuild/2003">
  <ItemGroup>
    <ClCompile Include="src\Engine\glad.c" />
    <ClCompile Include="src\Engine\SceneManager.cpp" />
    <ClCompile Include="src\Engine\Window.cpp" />
    <ClCompile Include="src\Input\CollisionManager.cpp" />
    <ClCompile Include="src\Input\GameLogic.cpp" />
    <ClCompile Include="src\Input\InputManager.cpp" />
    <ClCompile Include="src\Interactable_Objects\Door.cpp" />
    <ClCompile Include="src\Interactable_Objects\FloatAnimator.cpp" />
    <ClCompile Include="src\Interactable_Objects\Interactable.cpp" />
    <ClCompile Include="src\Interactable_Objects\InteractableManager.cpp" />
    <ClCompile Include="src\Interactable_Objects\LightSwitch.cpp" />
    <ClCompile Include="src\Lighting\LightManager.cpp" />
    <ClCompile Include="src\main.cpp" />
    <ClCompile Include="src\Scene\model.cpp" />
  </ItemGroup>
  <ItemGroup>
    <ClInclude Include="Dependencies\include\stb_image.h" />
    <ClInclude Include="src\Engine\SceneManager.h" />
    <ClInclude Include="src\Engine\Window.h" />
    <ClInclude Include="src\Graphics\mesh.h" />
    <ClInclude Include="src\Graphics\shader.h" />
    <ClInclude Include="src\Input\CollisionManager.h" />
    <ClInclude Include="src\Input\GameLogic.h" />
    <ClInclude Include="src\Input\InputManager.h" />
    <ClInclude Include="src\Interactable_Objects\Door.h" />
    <ClInclude Include="src\Interactable_Objects\FloatAnimator.h" />
    <ClInclude Include="src\Interactable_Objects\HouseInteractableIds.h" />
    <ClInclude Include="src\Interactable_Objects\Interactable.h" />
    <ClInclude Include="src\Interactable_Objects\InteractableManager.h" />
    <ClInclude Include="src\Interactable_Objects\LightSwitch.h" />
    <ClInclude Include="src\Lighting\LightManager.h" />
    <ClInclude Include="src\Scene\camera.h" />
    <ClInclude Include="src\Scene\model.h" />
  </ItemGroup>
  <ItemGroup>
    <None Include="Assets\shaders\model.fs" />
  </ItemGroup>
</Project>